
Microsoft Visual Studio Solution File, Format Version 12.00
# Visual Studio Version 17
VisualStudioVersion = 17.0.31903.59
MinimumVisualStudioVersion = 10.0.40219.1
Project("{2150E333-8FDC-42A3-9474-1A3956D46DE8}") = "run", "run", "{4E0DE79C-5020-4F2B-BDD6-883D85324CA0}"
EndProject
Project("{9A19103F-16F7-4668-BE54-9A1E7A4F7556}") = "Kroki.Runtime", "run\Kroki.Runtime\Kroki.Runtime.csproj", "{D751A415-B839-4500-9374-FEEC37B543FA}"
EndProject
Project("{2150E333-8FDC-42A3-9474-1A3956D46DE8}") = "src", "src", "{5902BEC8-6C3D-4D73-8512-6A30BB1F0518}"
EndProject
Project("{9A19103F-16F7-4668-BE54-9A1E7A4F7556}") = "Kroki.Core", "src\Kroki.Core\Kroki.Core.csproj", "{397CCE48-7007-43D5-868F-37F9176887CD}"
EndProject
Project("{9A19103F-16F7-4668-BE54-9A1E7A4F7556}") = "Kroki.Generator", "src\Kroki.Generator\Kroki.Generator.csproj", "{D7528135-3FAB-45C9-8A07-3014042C70CF}"
EndProject
Project("{2150E333-8FDC-42A3-9474-1A3956D46DE8}") = "try", "try", "{A70E05D8-32FD-4A25-8751-BC8D0DD1FCB2}"
EndProject
Project("{9A19103F-16F7-4668-BE54-9A1E7A4F7556}") = "Kroki.Example", "try\Kroki.Example\Kroki.Example.csproj", "{6EA2454B-6560-4606-823C-A05964ACDF30}"
EndProject
Project("{2150E333-8FDC-42A3-9474-1A3956D46DE8}") = "tst", "tst", "{0C6649AD-DF33-4763-BDE8-C61D05B6D3DD}"
EndProject
Project("{9A19103F-16F7-4668-BE54-9A1E7A4F7556}") = "Kroki.Tests", "tst\Kroki.Tests\Kroki.Tests.csproj", "{435151C9-6BB2-4BD6-953B-6F84203C2024}"
EndProject
Project("{9A19103F-16F7-4668-BE54-9A1E7A4F7556}") = "DGrok.Framework", "..\dgrok\Source\DGrok.Framework\DGrok.Framework.csproj", "{9465841E-C8CC-4F26-8DA5-00D68949301C}"
EndProject
Project("{2150E333-8FDC-42A3-9474-1A3956D46DE8}") = "lib", "lib", "{361DEE30-6C72-43BB-A57F-1C78909C5704}"
EndProject
Project("{9A19103F-16F7-4668-BE54-9A1E7A4F7556}") = "Kroki.Bulk", "try\Kroki.Bulk\Kroki.Bulk.csproj", "{72CB1E7F-4E3E-46BF-B092-CFF4D9DABD33}"
EndProject
Project("{FAE04EC0-301F-11D3-BF4B-00C04F79EFBC}") = "Kroki.Roslyn", "src\Kroki.Roslyn\Kroki.Roslyn.csproj", "{DBDA53F0-9D37-45D1-8B1D-B52312E3D306}"
EndProject
Project("{FAE04EC0-301F-11D3-BF4B-00C04F79EFBC}") = "Kroki.Demo", "try\Kroki.Demo\Kroki.Demo.csproj", "{F42D6D2F-A04B-45BE-8943-A73BC7A0C33A}"
EndProject
Global
	GlobalSection(SolutionConfigurationPlatforms) = preSolution
		Debug|Any CPU = Debug|Any CPU
		Release|Any CPU = Release|Any CPU
	EndGlobalSection
	GlobalSection(ProjectConfigurationPlatforms) = postSolution
		{D751A415-B839-4500-9374-FEEC37B543FA}.Debug|Any CPU.ActiveCfg = Debug|Any CPU
		{D751A415-B839-4500-9374-FEEC37B543FA}.Debug|Any CPU.Build.0 = Debug|Any CPU
		{D751A415-B839-4500-9374-FEEC37B543FA}.Release|Any CPU.ActiveCfg = Release|Any CPU
		{D751A415-B839-4500-9374-FEEC37B543FA}.Release|Any CPU.Build.0 = Release|Any CPU
		{397CCE48-7007-43D5-868F-37F9176887CD}.Debug|Any CPU.ActiveCfg = Debug|Any CPU
		{397CCE48-7007-43D5-868F-37F9176887CD}.Debug|Any CPU.Build.0 = Debug|Any CPU
		{397CCE48-7007-43D5-868F-37F9176887CD}.Release|Any CPU.ActiveCfg = Release|Any CPU
		{397CCE48-7007-43D5-868F-37F9176887CD}.Release|Any CPU.Build.0 = Release|Any CPU
		{D7528135-3FAB-45C9-8A07-3014042C70CF}.Debug|Any CPU.ActiveCfg = Debug|Any CPU
		{D7528135-3FAB-45C9-8A07-3014042C70CF}.Debug|Any CPU.Build.0 = Debug|Any CPU
		{D7528135-3FAB-45C9-8A07-3014042C70CF}.Release|Any CPU.ActiveCfg = Release|Any CPU
		{D7528135-3FAB-45C9-8A07-3014042C70CF}.Release|Any CPU.Build.0 = Release|Any CPU
		{6EA2454B-6560-4606-823C-A05964ACDF30}.Debug|Any CPU.ActiveCfg = Debug|Any CPU
		{6EA2454B-6560-4606-823C-A05964ACDF30}.Debug|Any CPU.Build.0 = Debug|Any CPU
		{6EA2454B-6560-4606-823C-A05964ACDF30}.Release|Any CPU.ActiveCfg = Release|Any CPU
		{6EA2454B-6560-4606-823C-A05964ACDF30}.Release|Any CPU.Build.0 = Release|Any CPU
		{435151C9-6BB2-4BD6-953B-6F84203C2024}.Debug|Any CPU.ActiveCfg = Debug|Any CPU
		{435151C9-6BB2-4BD6-953B-6F84203C2024}.Debug|Any CPU.Build.0 = Debug|Any CPU
		{435151C9-6BB2-4BD6-953B-6F84203C2024}.Release|Any CPU.ActiveCfg = Release|Any CPU
		{435151C9-6BB2-4BD6-953B-6F84203C2024}.Release|Any CPU.Build.0 = Release|Any CPU
		{9465841E-C8CC-4F26-8DA5-00D68949301C}.Debug|Any CPU.ActiveCfg = Debug|Any CPU
		{9465841E-C8CC-4F26-8DA5-00D68949301C}.Debug|Any CPU.Build.0 = Debug|Any CPU
		{9465841E-C8CC-4F26-8DA5-00D68949301C}.Release|Any CPU.ActiveCfg = Release|Any CPU
		{9465841E-C8CC-4F26-8DA5-00D68949301C}.Release|Any CPU.Build.0 = Release|Any CPU
		{72CB1E7F-4E3E-46BF-B092-CFF4D9DABD33}.Debug|Any CPU.ActiveCfg = Debug|Any CPU
		{72CB1E7F-4E3E-46BF-B092-CFF4D9DABD33}.Debug|Any CPU.Build.0 = Debug|Any CPU
		{72CB1E7F-4E3E-46BF-B092-CFF4D9DABD33}.Release|Any CPU.ActiveCfg = Release|Any CPU
		{72CB1E7F-4E3E-46BF-B092-CFF4D9DABD33}.Release|Any CPU.Build.0 = Release|Any CPU
		{DBDA53F0-9D37-45D1-8B1D-B52312E3D306}.Debug|Any CPU.ActiveCfg = Debug|Any CPU
		{DBDA53F0-9D37-45D1-8B1D-B52312E3D306}.Debug|Any CPU.Build.0 = Debug|Any CPU
		{DBDA53F0-9D37-45D1-8B1D-B52312E3D306}.Release|Any CPU.ActiveCfg = Release|Any CPU
		{DBDA53F0-9D37-45D1-8B1D-B52312E3D306}.Release|Any CPU.Build.0 = Release|Any CPU
		{F42D6D2F-A04B-45BE-8943-A73BC7A0C33A}.Debug|Any CPU.ActiveCfg = Debug|Any CPU
		{F42D6D2F-A04B-45BE-8943-A73BC7A0C33A}.Debug|Any CPU.Build.0 = Debug|Any CPU
		{F42D6D2F-A04B-45BE-8943-A73BC7A0C33A}.Release|Any CPU.ActiveCfg = Release|Any CPU
		{F42D6D2F-A04B-45BE-8943-A73BC7A0C33A}.Release|Any CPU.Build.0 = Release|Any CPU
	EndGlobalSection
	GlobalSection(SolutionProperties) = preSolution
		HideSolutionNode = FALSE
	EndGlobalSection
	GlobalSection(NestedProjects) = preSolution
		{D751A415-B839-4500-9374-FEEC37B543FA} = {4E0DE79C-5020-4F2B-BDD6-883D85324CA0}
		{397CCE48-7007-43D5-868F-37F9176887CD} = {5902BEC8-6C3D-4D73-8512-6A30BB1F0518}
		{D7528135-3FAB-45C9-8A07-3014042C70CF} = {5902BEC8-6C3D-4D73-8512-6A30BB1F0518}
		{6EA2454B-6560-4606-823C-A05964ACDF30} = {A70E05D8-32FD-4A25-8751-BC8D0DD1FCB2}
		{435151C9-6BB2-4BD6-953B-6F84203C2024} = {0C6649AD-DF33-4763-BDE8-C61D05B6D3DD}
		{9465841E-C8CC-4F26-8DA5-00D68949301C} = {361DEE30-6C72-43BB-A57F-1C78909C5704}
		{72CB1E7F-4E3E-46BF-B092-CFF4D9DABD33} = {A70E05D8-32FD-4A25-8751-BC8D0DD1FCB2}
		{DBDA53F0-9D37-45D1-8B1D-B52312E3D306} = {5902BEC8-6C3D-4D73-8512-6A30BB1F0518}
		{F42D6D2F-A04B-45BE-8943-A73BC7A0C33A} = {A70E05D8-32FD-4A25-8751-BC8D0DD1FCB2}
	EndGlobalSection
	GlobalSection(ExtensibilityGlobals) = postSolution
		SolutionGuid = {6D98FC31-042C-400C-9149-50E8761BB766}
	EndGlobalSection
EndGlobal
